# THIS IS AN AUTOGENERATED FILE. DO NOT EDIT THIS FILE DIRECTLY.
# yarn lockfile v1


"@types/webfontloader@^1.6.34":
  version "1.6.34"
  resolved "https://registry.yarnpkg.com/@types/webfontloader/-/webfontloader-1.6.34.tgz#3ad1530c3cf2827d3ed80679b4f8c688e6c6957c"
  integrity sha512-yNIPDl3P1yK/ag9C8CdleEhWrtU1myGr3cxb0yEBN/tkCYoGP5PbQa53mQCXcOLFAvBFzJJQfuEahOZ0ARakqw==

webfontloader@^1.6.28:
  version "1.6.28"
  resolved "https://registry.yarnpkg.com/webfontloader/-/webfontloader-1.6.28.tgz#db786129253cb6e8eae54c2fb05f870af6675bae"
  integrity sha1-23hhKSU8tujq5UwvsF+HCvZnW64=
